PATH
  remote: .
  specs:
    caldav (0.1.0)
      rexml
      scampi (~> 0.1.7)

GEM
  remote: https://rubygems.org/
  specs:
    base64 (0.3.0)
    colorize (1.1.0)
    colorize-extended (0.1.0)
      colorize (~> 1.1)
    rexml (3.4.4)
    scampi (0.1.7)
      colorize-extended

PLATFORMS
  ruby
  x86_64-linux

DEPENDENCIES
  base64
  caldav!

BUNDLED WITH
   2.6.9
